
Microsoft Visual Studio Solution File, Format Version 12.00
# Visual Studio Version 16
VisualStudioVersion = 16.0.32929.386
MinimumVisualStudioVersion = 10.0.40219.1
Project("{FAE04EC0-301F-11D3-BF4B-00C04F79EFBC}") = "Construccion.WEBUI", "Construccion.WEBUI\Construccion.WEBUI.csproj", "{EB229C88-9CEA-4CF6-8F92-B8101ED56105}"
EndProject
Global
	GlobalSection(SolutionConfigurationPlatforms) = preSolution
		Debug|Any CPU = Debug|Any CPU
		Release|Any CPU = Release|Any CPU
	EndGlobalSection
	GlobalSection(ProjectConfigurationPlatforms) = postSolution
		{EB229C88-9CEA-4CF6-8F92-B8101ED56105}.Debug|Any CPU.ActiveCfg = Debug|Any CPU
		{EB229C88-9CEA-4CF6-8F92-B8101ED56105}.Debug|Any CPU.Build.0 = Debug|Any CPU
		{EB229C88-9CEA-4CF6-8F92-B8101ED56105}.Release|Any CPU.ActiveCfg = Release|Any CPU
		{EB229C88-9CEA-4CF6-8F92-B8101ED56105}.Release|Any CPU.Build.0 = Release|Any CPU
	EndGlobalSection
	GlobalSection(SolutionProperties) = preSolution
		HideSolutionNode = FALSE
	EndGlobalSection
	GlobalSection(ExtensibilityGlobals) = postSolution
		SolutionGuid = {C757CE55-B3F5-44B4-A97E-FAE233C8D539}
	EndGlobalSection
EndGlobal
