
Microsoft Visual Studio Solution File, Format Version 12.00
# Visual Studio Version 16
VisualStudioVersion = 16.0.33328.57
MinimumVisualStudioVersion = 10.0.40219.1
Project("{9A19103F-16F7-4668-BE54-9A1E7A4F7556}") = "Construccion.API", "Construccion.API\Construccion.API.csproj", "{D5E03913-1245-428A-BA1C-0DD2A7CFFE64}"
EndProject
Project("{9A19103F-16F7-4668-BE54-9A1E7A4F7556}") = "Construccion.DataAccess", "Construccion.DataAccess\Construccion.DataAccess.csproj", "{F80B8155-2832-4EC3-83EF-BC29F25C7ED2}"
EndProject
Project("{9A19103F-16F7-4668-BE54-9A1E7A4F7556}") = "Construccion.BusinessLogic", "Construccion.BusinessLogic\Construccion.BusinessLogic.csproj", "{6606917D-18D7-4199-B70B-8A4C99F68D52}"
EndProject
Project("{9A19103F-16F7-4668-BE54-9A1E7A4F7556}") = "Construccion.Entities", "Construccion.Entities\Construccion.Entities.csproj", "{BF27089C-797E-42CE-957C-11F4DDBC0042}"
EndProject
Global
	GlobalSection(SolutionConfigurationPlatforms) = preSolution
		Debug|Any CPU = Debug|Any CPU
		Release|Any CPU = Release|Any CPU
	EndGlobalSection
	GlobalSection(ProjectConfigurationPlatforms) = postSolution
		{D5E03913-1245-428A-BA1C-0DD2A7CFFE64}.Debug|Any CPU.ActiveCfg = Debug|Any CPU
		{D5E03913-1245-428A-BA1C-0DD2A7CFFE64}.Debug|Any CPU.Build.0 = Debug|Any CPU
		{D5E03913-1245-428A-BA1C-0DD2A7CFFE64}.Release|Any CPU.ActiveCfg = Release|Any CPU
		{D5E03913-1245-428A-BA1C-0DD2A7CFFE64}.Release|Any CPU.Build.0 = Release|Any CPU
		{F80B8155-2832-4EC3-83EF-BC29F25C7ED2}.Debug|Any CPU.ActiveCfg = Debug|Any CPU
		{F80B8155-2832-4EC3-83EF-BC29F25C7ED2}.Debug|Any CPU.Build.0 = Debug|Any CPU
		{F80B8155-2832-4EC3-83EF-BC29F25C7ED2}.Release|Any CPU.ActiveCfg = Release|Any CPU
		{F80B8155-2832-4EC3-83EF-BC29F25C7ED2}.Release|Any CPU.Build.0 = Release|Any CPU
		{6606917D-18D7-4199-B70B-8A4C99F68D52}.Debug|Any CPU.ActiveCfg = Debug|Any CPU
		{6606917D-18D7-4199-B70B-8A4C99F68D52}.Debug|Any CPU.Build.0 = Debug|Any CPU
		{6606917D-18D7-4199-B70B-8A4C99F68D52}.Release|Any CPU.ActiveCfg = Release|Any CPU
		{6606917D-18D7-4199-B70B-8A4C99F68D52}.Release|Any CPU.Build.0 = Release|Any CPU
		{BF27089C-797E-42CE-957C-11F4DDBC0042}.Debug|Any CPU.ActiveCfg = Debug|Any CPU
		{BF27089C-797E-42CE-957C-11F4DDBC0042}.Debug|Any CPU.Build.0 = Debug|Any CPU
		{BF27089C-797E-42CE-957C-11F4DDBC0042}.Release|Any CPU.ActiveCfg = Release|Any CPU
		{BF27089C-797E-42CE-957C-11F4DDBC0042}.Release|Any CPU.Build.0 = Release|Any CPU
	EndGlobalSection
	GlobalSection(SolutionProperties) = preSolution
		HideSolutionNode = FALSE
	EndGlobalSection
	GlobalSection(ExtensibilityGlobals) = postSolution
		SolutionGuid = {D73D2272-ABDB-4343-AB02-C373F260D562}
	EndGlobalSection
EndGlobal
